
Microsoft Visual Studio Solution File, Format Version 12.00
# Visual Studio 15
VisualStudioVersion = 15.0.28010.2050
MinimumVisualStudioVersion = 10.0.40219.1
Project("{FAE04EC0-301F-11D3-BF4B-00C04F79EFBC}") = "NewCrownGovemment", "NewCrownGovemment\NewCrownGovemment.csproj", "{6561F456-EC41-4F6F-A525-C6758295AEE5}"
EndProject
Project("{FAE04EC0-301F-11D3-BF4B-00C04F79EFBC}") = "NCGModels", "NCGModels\NCGModels.csproj", "{B4C1D28B-DAF3-49A4-8C7D-7F0CD21F4672}"
EndProject
Global
	GlobalSection(SolutionConfigurationPlatforms) = preSolution
		Debug|Any CPU = Debug|Any CPU
		Release|Any CPU = Release|Any CPU
	EndGlobalSection
	GlobalSection(ProjectConfigurationPlatforms) = postSolution
		{6561F456-EC41-4F6F-A525-C6758295AEE5}.Debug|Any CPU.ActiveCfg = Debug|Any CPU
		{6561F456-EC41-4F6F-A525-C6758295AEE5}.Debug|Any CPU.Build.0 = Debug|Any CPU
		{6561F456-EC41-4F6F-A525-C6758295AEE5}.Release|Any CPU.ActiveCfg = Release|Any CPU
		{6561F456-EC41-4F6F-A525-C6758295AEE5}.Release|Any CPU.Build.0 = Release|Any CPU
		{B4C1D28B-DAF3-49A4-8C7D-7F0CD21F4672}.Debug|Any CPU.ActiveCfg = Debug|Any CPU
		{B4C1D28B-DAF3-49A4-8C7D-7F0CD21F4672}.Debug|Any CPU.Build.0 = Debug|Any CPU
		{B4C1D28B-DAF3-49A4-8C7D-7F0CD21F4672}.Release|Any CPU.ActiveCfg = Release|Any CPU
		{B4C1D28B-DAF3-49A4-8C7D-7F0CD21F4672}.Release|Any CPU.Build.0 = Release|Any CPU
	EndGlobalSection
	GlobalSection(SolutionProperties) = preSolution
		HideSolutionNode = FALSE
	EndGlobalSection
	GlobalSection(ExtensibilityGlobals) = postSolution
		SolutionGuid = {072A6CAA-F4C3-4ED7-9C40-C82DDD7FC71F}
	EndGlobalSection
EndGlobal
